<?xml version="1.0" encoding="utf-8"?>
<Project ToolsVersion="4.0" xmlns="http://schemas.microsoft.com/developer/msbuild/2003">
  <ItemGroup>
    <Filter Include="Shaders">
      <UniqueIdentifier>{eab5a91a-0237-42b8-b592-7282f0e46279}</UniqueIdentifier>
    </Filter>
    <Filter Include="RenderPass">
      <UniqueIdentifier>{803bfe1a-3915-45e8-a410-880f6db25a91}</UniqueIdentifier>
    </Filter>
  </ItemGroup>
  <ItemGroup>
    <ClCompile Include="SvoGi.cpp" />
    <ClCompile Include="RenderPass\LightInjection.cpp">
      <Filter>RenderPass</Filter>
    </ClCompile>
    <ClCompile Include="RenderPass\PostEffect.cpp">
      <Filter>RenderPass</Filter>
    </ClCompile>
    <ClCompile Include="RenderPass\ShadowPass.cpp">
      <Filter>RenderPass</Filter>
    </ClCompile>
    <ClCompile Include="RenderPass\VoxelVisualizer.cpp">
      <Filter>RenderPass</Filter>
    </ClCompile>
    <ClCompile Include="RenderPass\VoxlizationPass.cpp">
      <Filter>RenderPass</Filter>
    </ClCompile>
  </ItemGroup>
  <ItemGroup>
    <ClInclude Include="SvoGi.h" />
    <ClInclude Include="RenderPass\LightInjection.h">
      <Filter>RenderPass</Filter>
    </ClInclude>
    <ClInclude Include="RenderPass\PostEffect.h">
      <Filter>RenderPass</Filter>
    </ClInclude>
    <ClInclude Include="RenderPass\ShadowPass.h">
      <Filter>RenderPass</Filter>
    </ClInclude>
    <ClInclude Include="RenderPass\VoxelVisualizer.h">
      <Filter>RenderPass</Filter>
    </ClInclude>
    <ClInclude Include="RenderPass\VoxlizationPass.h">
      <Filter>RenderPass</Filter>
    </ClInclude>
  </ItemGroup>
  <ItemGroup>
    <ShaderSource Include="Shaders\Bloom.cs.slang">
      <Filter>Shaders</Filter>
    </ShaderSource>
    <ShaderSource Include="Shaders\FinalShading.ps.slang">
      <Filter>Shaders</Filter>
    </ShaderSource>
    <ShaderSource Include="Shaders\LightInjection.slang">
      <Filter>Shaders</Filter>
    </ShaderSource>
    <ShaderSource Include="Shaders\LightInjectionMeta.slangh">
      <Filter>Shaders</Filter>
    </ShaderSource>
    <ShaderSource Include="Shaders\PostEffects.slangh">
      <Filter>Shaders</Filter>
    </ShaderSource>
    <ShaderSource Include="Shaders\Present.ps.slang">
      <Filter>Shaders</Filter>
    </ShaderSource>
    <ShaderSource Include="Shaders\Shadowmap.slang">
      <Filter>Shaders</Filter>
    </ShaderSource>
    <ShaderSource Include="Shaders\ToneMap.cs.slang">
      <Filter>Shaders</Filter>
    </ShaderSource>
    <ShaderSource Include="Shaders\Voxelization.slang">
      <Filter>Shaders</Filter>
    </ShaderSource>
    <ShaderSource Include="Shaders\VoxelizationMeta.slangh">
      <Filter>Shaders</Filter>
    </ShaderSource>
    <ShaderSource Include="Shaders\VoxelizationSvo.cs.slang">
      <Filter>Shaders</Filter>
    </ShaderSource>
    <ShaderSource Include="Shaders\VoxelizationTracing.slangh">
      <Filter>Shaders</Filter>
    </ShaderSource>
    <ShaderSource Include="Shaders\VoxelizationVisualRaster.slang">
      <Filter>Shaders</Filter>
    </ShaderSource>
    <ShaderSource Include="Shaders\VoxelizationVisualTracing.ps.slang">
      <Filter>Shaders</Filter>
    </ShaderSource>
  </ItemGroup>
</Project>