<?xml version="1.0" encoding="utf-8"?>
<Project ToolsVersion="4.0" xmlns="http://schemas.microsoft.com/developer/msbuild/2003">
  <ItemGroup>
    <ClCompile Include="sparse_voxel_octree.cpp" />
    <ClCompile Include="render_passes\volumetric_pass.cpp">
      <Filter>render_passes</Filter>
    </ClCompile>
    <ClCompile Include="render_passes\projection_debug_pass.cpp">
      <Filter>render_passes</Filter>
    </ClCompile>
    <ClCompile Include="render_passes\pcf_shadow_pass.cpp">
      <Filter>render_passes</Filter>
    </ClCompile>
    <ClCompile Include="render_passes\post_effects.cpp">
      <Filter>render_passes</Filter>
    </ClCompile>
    <ClCompile Include="render_passes\voxel_visualizer.cpp">
      <Filter>render_passes</Filter>
    </ClCompile>
    <ClCompile Include="render_passes\light_injection.cpp">
      <Filter>render_passes</Filter>
    </ClCompile>
  </ItemGroup>
  <ItemGroup>
    <ClInclude Include="sparse_voxel_octree.h" />
    <ClInclude Include="render_passes\volumetric_pass.h">
      <Filter>render_passes</Filter>
    </ClInclude>
    <ClInclude Include="render_passes\projection_debug_pass.h">
      <Filter>render_passes</Filter>
    </ClInclude>
    <ClInclude Include="render_passes\projection_debug_meta.slangh">
      <Filter>render_passes</Filter>
    </ClInclude>
    <ClInclude Include="render_passes\pcf_shadow_pass.h">
      <Filter>render_passes</Filter>
    </ClInclude>
    <ClInclude Include="render_passes\post_effects.h">
      <Filter>render_passes</Filter>
    </ClInclude>
    <ClInclude Include="render_passes\voxel_visualizer.h">
      <Filter>render_passes</Filter>
    </ClInclude>
    <ClInclude Include="render_passes\light_injection.h">
      <Filter>render_passes</Filter>
    </ClInclude>
  </ItemGroup>
  <ItemGroup>
    <Filter Include="render_passes">
      <UniqueIdentifier>{bb29cfcd-175c-46a5-a8d6-6ce904c79840}</UniqueIdentifier>
    </Filter>
  </ItemGroup>
  <ItemGroup>
    <ShaderSource Include="render_passes\volumetric.slang">
      <Filter>render_passes</Filter>
    </ShaderSource>
    <ShaderSource Include="render_passes\projection_debug.slang">
      <Filter>render_passes</Filter>
    </ShaderSource>
    <ShaderSource Include="render_passes\voxel_meta.slangh">
      <Filter>render_passes</Filter>
    </ShaderSource>
    <ShaderSource Include="render_passes\debug_volumetric.slang">
      <Filter>render_passes</Filter>
    </ShaderSource>
    <ShaderSource Include="render_passes\pixel_avg.cs.slang">
      <Filter>render_passes</Filter>
    </ShaderSource>
    <ShaderSource Include="render_passes\build_svo.cs.slang">
      <Filter>render_passes</Filter>
    </ShaderSource>
    <ShaderSource Include="render_passes\debug_svo.ps.slang">
      <Filter>render_passes</Filter>
    </ShaderSource>
    <ShaderSource Include="render_passes\svo_tracing.slangh">
      <Filter>render_passes</Filter>
    </ShaderSource>
    <ShaderSource Include="render_passes\lighting.ps.slang">
      <Filter>render_passes</Filter>
    </ShaderSource>
    <ShaderSource Include="render_passes\bloom.cs.slang">
      <Filter>render_passes</Filter>
    </ShaderSource>
    <ShaderSource Include="render_passes\tonemap.cs.slang">
      <Filter>render_passes</Filter>
    </ShaderSource>
    <ShaderSource Include="render_passes\present.ps.slang">
      <Filter>render_passes</Filter>
    </ShaderSource>
    <ShaderSource Include="render_passes\exposure_adaption.cs.slang">
      <Filter>render_passes</Filter>
    </ShaderSource>
    <ShaderSource Include="render_passes\gen_mipmap.cs.slang">
      <Filter>render_passes</Filter>
    </ShaderSource>
    <ShaderSource Include="render_passes\gen_shadowmap.slang">
      <Filter>render_passes</Filter>
    </ShaderSource>
    <ShaderSource Include="render_passes\deferred_apply.slang">
      <Filter>render_passes</Filter>
    </ShaderSource>
  </ItemGroup>
  <ItemGroup>
    <None Include="render_passes\post_effects.slangh">
      <Filter>render_passes</Filter>
    </None>
  </ItemGroup>
</Project>